
Microsoft Visual Studio Solution File, Format Version 12.00
# Visual Studio 15
VisualStudioVersion = 15.0.27004.2002
MinimumVisualStudioVersion = 10.0.40219.1
Project("{FAE04EC0-301F-11D3-BF4B-00C04F79EFBC}") = "MongoDBTest", "MongoDBTest\MongoDBTest.csproj", "{FE644829-E4BE-42EB-B895-A31484135C78}"
EndProject
Global
	GlobalSection(SolutionConfigurationPlatforms) = preSolution
		Debug|Any CPU = Debug|Any CPU
		Release|Any CPU = Release|Any CPU
	EndGlobalSection
	GlobalSection(ProjectConfigurationPlatforms) = postSolution
		{FE644829-E4BE-42EB-B895-A31484135C78}.Debug|Any CPU.ActiveCfg = Debug|Any CPU
		{FE644829-E4BE-42EB-B895-A31484135C78}.Debug|Any CPU.Build.0 = Debug|Any CPU
		{FE644829-E4BE-42EB-B895-A31484135C78}.Release|Any CPU.ActiveCfg = Release|Any CPU
		{FE644829-E4BE-42EB-B895-A31484135C78}.Release|Any CPU.Build.0 = Release|Any CPU
	EndGlobalSection
	GlobalSection(SolutionProperties) = preSolution
		HideSolutionNode = FALSE
	EndGlobalSection
	GlobalSection(ExtensibilityGlobals) = postSolution
		SolutionGuid = {34E8AE5D-2595-4C9E-9AF2-27E33A1ACEB3}
	EndGlobalSection
EndGlobal
